PODS:
  - Realm (10.53.0):
    - Realm/Headers (= 10.53.0)
  - Realm/Headers (10.53.0)
  - RealmSwift (10.53.0):
    - Realm (= 10.53.0)

DEPENDENCIES:
  - RealmSwift (~> 10)

SPEC REPOS:
  trunk:
    - Realm
    - RealmSwift

SPEC CHECKSUMS:
  Realm: e3d9f52df62d7479cf921e5d70294da4fdd2081f
  RealmSwift: 03b060aea36701f8f4bef9fd1d4f4788ae867505

PODFILE CHECKSUM: 0d2d0af36e48df2ab213b431772a9482d136628a

COCOAPODS: 1.13.0
